
Microsoft Visual Studio Solution File, Format Version 12.00
# Visual Studio 14
VisualStudioVersion = 14.0.25420.1
MinimumVisualStudioVersion = 10.0.40219.1
Project("{FAE04EC0-301F-11D3-BF4B-00C04F79EFBC}") = "CoffeRatings", "CoffeRatings\CoffeRatings\CoffeRatings.csproj", "{C2A7D610-63F1-47D6-803A-969032B8C3CB}"
EndProject
Project("{FAE04EC0-301F-11D3-BF4B-00C04F79EFBC}") = "CoffeRatings.Droid", "CoffeRatings\CoffeRatings.Droid\CoffeRatings.Droid.csproj", "{06CDF21D-DC35-487E-8C87-B185854B70AC}"
EndProject
Project("{FAE04EC0-301F-11D3-BF4B-00C04F79EFBC}") = "CoffeRatings.iOS", "CoffeRatings\CoffeRatings.iOS\CoffeRatings.iOS.csproj", "{84E628E6-DD88-430D-AA4E-E3FD32FE6C58}"
EndProject
Project("{FAE04EC0-301F-11D3-BF4B-00C04F79EFBC}") = "CoffeRatings.WinPhone", "CoffeRatings\CoffeRatings.WinPhone\CoffeRatings.WinPhone.csproj", "{74331A5D-29B4-401E-B113-09714A17846E}"
EndProject
Project("{FAE04EC0-301F-11D3-BF4B-00C04F79EFBC}") = "CoffeRatings.UWP", "CoffeRatings\CoffeRatings.UWP\CoffeRatings.UWP.csproj", "{3F1FF0C7-D17F-4576-A6BB-9774F2F6C598}"
EndProject
Project("{FAE04EC0-301F-11D3-BF4B-00C04F79EFBC}") = "CoffeRatings.Windows", "CoffeRatings\CoffeRatings.Windows\CoffeRatings.Windows.csproj", "{64A65256-0394-4AA7-B6D9-EAC75389369F}"
EndProject
Project("{2150E333-8FDC-42A3-9474-1A3956D46DE8}") = "Unavailables", "Unavailables", "{15DD443C-5B97-44B7-B192-B0E4CB1BBEF8}"
EndProject
Global
	GlobalSection(SolutionConfigurationPlatforms) = preSolution
		Ad-Hoc|Any CPU = Ad-Hoc|Any CPU
		Ad-Hoc|ARM = Ad-Hoc|ARM
		Ad-Hoc|iPhone = Ad-Hoc|iPhone
		Ad-Hoc|iPhoneSimulator = Ad-Hoc|iPhoneSimulator
		Ad-Hoc|x64 = Ad-Hoc|x64
		Ad-Hoc|x86 = Ad-Hoc|x86
		AppStore|Any CPU = AppStore|Any CPU
		AppStore|ARM = AppStore|ARM
		AppStore|iPhone = AppStore|iPhone
		AppStore|iPhoneSimulator = AppStore|iPhoneSimulator
		AppStore|x64 = AppStore|x64
		AppStore|x86 = AppStore|x86
		Debug|Any CPU = Debug|Any CPU
		Debug|ARM = Debug|ARM
		Debug|iPhone = Debug|iPhone
		Debug|iPhoneSimulator = Debug|iPhoneSimulator
		Debug|x64 = Debug|x64
		Debug|x86 = Debug|x86
		Release|Any CPU = Release|Any CPU
		Release|ARM = Release|ARM
		Release|iPhone = Release|iPhone
		Release|iPhoneSimulator = Release|iPhoneSimulator
		Release|x64 = Release|x64
		Release|x86 = Release|x86
	EndGlobalSection
	GlobalSection(ProjectConfigurationPlatforms) = postSolution
		{C2A7D610-63F1-47D6-803A-969032B8C3CB}.Ad-Hoc|Any CPU.ActiveCfg = Release|Any CPU
		{C2A7D610-63F1-47D6-803A-969032B8C3CB}.Ad-Hoc|Any CPU.Build.0 = Release|Any CPU
		{C2A7D610-63F1-47D6-803A-969032B8C3CB}.Ad-Hoc|ARM.ActiveCfg = Release|Any CPU
		{C2A7D610-63F1-47D6-803A-969032B8C3CB}.Ad-Hoc|ARM.Build.0 = Release|Any CPU
		{C2A7D610-63F1-47D6-803A-969032B8C3CB}.Ad-Hoc|iPhone.ActiveCfg = Release|Any CPU
		{C2A7D610-63F1-47D6-803A-969032B8C3CB}.Ad-Hoc|iPhone.Build.0 = Release|Any CPU
		{C2A7D610-63F1-47D6-803A-969032B8C3CB}.Ad-Hoc|iPhoneSimulator.ActiveCfg = Release|Any CPU
		{C2A7D610-63F1-47D6-803A-969032B8C3CB}.Ad-Hoc|iPhoneSimulator.Build.0 = Release|Any CPU
		{C2A7D610-63F1-47D6-803A-969032B8C3CB}.Ad-Hoc|x64.ActiveCfg = Release|Any CPU
		{C2A7D610-63F1-47D6-803A-969032B8C3CB}.Ad-Hoc|x64.Build.0 = Release|Any CPU
		{C2A7D610-63F1-47D6-803A-969032B8C3CB}.Ad-Hoc|x86.ActiveCfg = Release|Any CPU
		{C2A7D610-63F1-47D6-803A-969032B8C3CB}.Ad-Hoc|x86.Build.0 = Release|Any CPU
		{C2A7D610-63F1-47D6-803A-969032B8C3CB}.AppStore|Any CPU.ActiveCfg = Release|Any CPU
		{C2A7D610-63F1-47D6-803A-969032B8C3CB}.AppStore|Any CPU.Build.0 = Release|Any CPU
		{C2A7D610-63F1-47D6-803A-969032B8C3CB}.AppStore|ARM.ActiveCfg = Release|Any CPU
		{C2A7D610-63F1-47D6-803A-969032B8C3CB}.AppStore|ARM.Build.0 = Release|Any CPU
		{C2A7D610-63F1-47D6-803A-969032B8C3CB}.AppStore|iPhone.ActiveCfg = Release|Any CPU
		{C2A7D610-63F1-47D6-803A-969032B8C3CB}.AppStore|iPhone.Build.0 = Release|Any CPU
		{C2A7D610-63F1-47D6-803A-969032B8C3CB}.AppStore|iPhoneSimulator.ActiveCfg = Release|Any CPU
		{C2A7D610-63F1-47D6-803A-969032B8C3CB}.AppStore|iPhoneSimulator.Build.0 = Release|Any CPU
		{C2A7D610-63F1-47D6-803A-969032B8C3CB}.AppStore|x64.ActiveCfg = Release|Any CPU
		{C2A7D610-63F1-47D6-803A-969032B8C3CB}.AppStore|x64.Build.0 = Release|Any CPU
		{C2A7D610-63F1-47D6-803A-969032B8C3CB}.AppStore|x86.ActiveCfg = Release|Any CPU
		{C2A7D610-63F1-47D6-803A-969032B8C3CB}.AppStore|x86.Build.0 = Release|Any CPU
		{C2A7D610-63F1-47D6-803A-969032B8C3CB}.Debug|Any CPU.ActiveCfg = Debug|Any CPU
		{C2A7D610-63F1-47D6-803A-969032B8C3CB}.Debug|Any CPU.Build.0 = Debug|Any CPU
		{C2A7D610-63F1-47D6-803A-969032B8C3CB}.Debug|ARM.ActiveCfg = Debug|Any CPU
		{C2A7D610-63F1-47D6-803A-969032B8C3CB}.Debug|ARM.Build.0 = Debug|Any CPU
		{C2A7D610-63F1-47D6-803A-969032B8C3CB}.Debug|iPhone.ActiveCfg = Debug|Any CPU
		{C2A7D610-63F1-47D6-803A-969032B8C3CB}.Debug|iPhone.Build.0 = Debug|Any CPU
		{C2A7D610-63F1-47D6-803A-969032B8C3CB}.Debug|iPhoneSimulator.ActiveCfg = Debug|Any CPU
		{C2A7D610-63F1-47D6-803A-969032B8C3CB}.Debug|iPhoneSimulator.Build.0 = Debug|Any CPU
		{C2A7D610-63F1-47D6-803A-969032B8C3CB}.Debug|x64.ActiveCfg = Debug|Any CPU
		{C2A7D610-63F1-47D6-803A-969032B8C3CB}.Debug|x64.Build.0 = Debug|Any CPU
		{C2A7D610-63F1-47D6-803A-969032B8C3CB}.Debug|x86.ActiveCfg = Debug|Any CPU
		{C2A7D610-63F1-47D6-803A-969032B8C3CB}.Debug|x86.Build.0 = Debug|Any CPU
		{C2A7D610-63F1-47D6-803A-969032B8C3CB}.Release|Any CPU.ActiveCfg = Release|Any CPU
		{C2A7D610-63F1-47D6-803A-969032B8C3CB}.Release|Any CPU.Build.0 = Release|Any CPU
		{C2A7D610-63F1-47D6-803A-969032B8C3CB}.Release|ARM.ActiveCfg = Release|Any CPU
		{C2A7D610-63F1-47D6-803A-969032B8C3CB}.Release|ARM.Build.0 = Release|Any CPU
		{C2A7D610-63F1-47D6-803A-969032B8C3CB}.Release|iPhone.ActiveCfg = Release|Any CPU
		{C2A7D610-63F1-47D6-803A-969032B8C3CB}.Release|iPhone.Build.0 = Release|Any CPU
		{C2A7D610-63F1-47D6-803A-969032B8C3CB}.Release|iPhoneSimulator.ActiveCfg = Release|Any CPU
		{C2A7D610-63F1-47D6-803A-969032B8C3CB}.Release|iPhoneSimulator.Build.0 = Release|Any CPU
		{C2A7D610-63F1-47D6-803A-969032B8C3CB}.Release|x64.ActiveCfg = Release|Any CPU
		{C2A7D610-63F1-47D6-803A-969032B8C3CB}.Release|x64.Build.0 = Release|Any CPU
		{C2A7D610-63F1-47D6-803A-969032B8C3CB}.Release|x86.ActiveCfg = Release|Any CPU
		{C2A7D610-63F1-47D6-803A-969032B8C3CB}.Release|x86.Build.0 = Release|Any CPU
		{06CDF21D-DC35-487E-8C87-B185854B70AC}.Ad-Hoc|Any CPU.ActiveCfg = Release|Any CPU
		{06CDF21D-DC35-487E-8C87-B185854B70AC}.Ad-Hoc|Any CPU.Build.0 = Release|Any CPU
		{06CDF21D-DC35-487E-8C87-B185854B70AC}.Ad-Hoc|Any CPU.Deploy.0 = Release|Any CPU
		{06CDF21D-DC35-487E-8C87-B185854B70AC}.Ad-Hoc|ARM.ActiveCfg = Release|Any CPU
		{06CDF21D-DC35-487E-8C87-B185854B70AC}.Ad-Hoc|ARM.Build.0 = Release|Any CPU
		{06CDF21D-DC35-487E-8C87-B185854B70AC}.Ad-Hoc|ARM.Deploy.0 = Release|Any CPU
		{06CDF21D-DC35-487E-8C87-B185854B70AC}.Ad-Hoc|iPhone.ActiveCfg = Release|Any CPU
		{06CDF21D-DC35-487E-8C87-B185854B70AC}.Ad-Hoc|iPhone.Build.0 = Release|Any CPU
		{06CDF21D-DC35-487E-8C87-B185854B70AC}.Ad-Hoc|iPhone.Deploy.0 = Release|Any CPU
		{06CDF21D-DC35-487E-8C87-B185854B70AC}.Ad-Hoc|iPhoneSimulator.ActiveCfg = Release|Any CPU
		{06CDF21D-DC35-487E-8C87-B185854B70AC}.Ad-Hoc|iPhoneSimulator.Build.0 = Release|Any CPU
		{06CDF21D-DC35-487E-8C87-B185854B70AC}.Ad-Hoc|iPhoneSimulator.Deploy.0 = Release|Any CPU
		{06CDF21D-DC35-487E-8C87-B185854B70AC}.Ad-Hoc|x64.ActiveCfg = Release|Any CPU
		{06CDF21D-DC35-487E-8C87-B185854B70AC}.Ad-Hoc|x64.Build.0 = Release|Any CPU
		{06CDF21D-DC35-487E-8C87-B185854B70AC}.Ad-Hoc|x64.Deploy.0 = Release|Any CPU
		{06CDF21D-DC35-487E-8C87-B185854B70AC}.Ad-Hoc|x86.ActiveCfg = Release|Any CPU
		{06CDF21D-DC35-487E-8C87-B185854B70AC}.Ad-Hoc|x86.Build.0 = Release|Any CPU
		{06CDF21D-DC35-487E-8C87-B185854B70AC}.Ad-Hoc|x86.Deploy.0 = Release|Any CPU
		{06CDF21D-DC35-487E-8C87-B185854B70AC}.AppStore|Any CPU.ActiveCfg = Release|Any CPU
		{06CDF21D-DC35-487E-8C87-B185854B70AC}.AppStore|Any CPU.Build.0 = Release|Any CPU
		{06CDF21D-DC35-487E-8C87-B185854B70AC}.AppStore|Any CPU.Deploy.0 = Release|Any CPU
		{06CDF21D-DC35-487E-8C87-B185854B70AC}.AppStore|ARM.ActiveCfg = Release|Any CPU
		{06CDF21D-DC35-487E-8C87-B185854B70AC}.AppStore|ARM.Build.0 = Release|Any CPU
		{06CDF21D-DC35-487E-8C87-B185854B70AC}.AppStore|ARM.Deploy.0 = Release|Any CPU
		{06CDF21D-DC35-487E-8C87-B185854B70AC}.AppStore|iPhone.ActiveCfg = Release|Any CPU
		{06CDF21D-DC35-487E-8C87-B185854B70AC}.AppStore|iPhone.Build.0 = Release|Any CPU
		{06CDF21D-DC35-487E-8C87-B185854B70AC}.AppStore|iPhone.Deploy.0 = Release|Any CPU
		{06CDF21D-DC35-487E-8C87-B185854B70AC}.AppStore|iPhoneSimulator.ActiveCfg = Release|Any CPU
		{06CDF21D-DC35-487E-8C87-B185854B70AC}.AppStore|iPhoneSimulator.Build.0 = Release|Any CPU
		{06CDF21D-DC35-487E-8C87-B185854B70AC}.AppStore|iPhoneSimulator.Deploy.0 = Release|Any CPU
		{06CDF21D-DC35-487E-8C87-B185854B70AC}.AppStore|x64.ActiveCfg = Release|Any CPU
		{06CDF21D-DC35-487E-8C87-B185854B70AC}.AppStore|x64.Build.0 = Release|Any CPU
		{06CDF21D-DC35-487E-8C87-B185854B70AC}.AppStore|x64.Deploy.0 = Release|Any CPU
		{06CDF21D-DC35-487E-8C87-B185854B70AC}.AppStore|x86.ActiveCfg = Release|Any CPU
		{06CDF21D-DC35-487E-8C87-B185854B70AC}.AppStore|x86.Build.0 = Release|Any CPU
		{06CDF21D-DC35-487E-8C87-B185854B70AC}.AppStore|x86.Deploy.0 = Release|Any CPU
		{06CDF21D-DC35-487E-8C87-B185854B70AC}.Debug|Any CPU.ActiveCfg = Debug|Any CPU
		{06CDF21D-DC35-487E-8C87-B185854B70AC}.Debug|Any CPU.Build.0 = Debug|Any CPU
		{06CDF21D-DC35-487E-8C87-B185854B70AC}.Debug|Any CPU.Deploy.0 = Debug|Any CPU
		{06CDF21D-DC35-487E-8C87-B185854B70AC}.Debug|ARM.ActiveCfg = Debug|Any CPU
		{06CDF21D-DC35-487E-8C87-B185854B70AC}.Debug|ARM.Build.0 = Debug|Any CPU
		{06CDF21D-DC35-487E-8C87-B185854B70AC}.Debug|ARM.Deploy.0 = Debug|Any CPU
		{06CDF21D-DC35-487E-8C87-B185854B70AC}.Debug|iPhone.ActiveCfg = Debug|Any CPU
		{06CDF21D-DC35-487E-8C87-B185854B70AC}.Debug|iPhone.Build.0 = Debug|Any CPU
		{06CDF21D-DC35-487E-8C87-B185854B70AC}.Debug|iPhone.Deploy.0 = Debug|Any CPU
		{06CDF21D-DC35-487E-8C87-B185854B70AC}.Debug|iPhoneSimulator.ActiveCfg = Debug|Any CPU
		{06CDF21D-DC35-487E-8C87-B185854B70AC}.Debug|iPhoneSimulator.Build.0 = Debug|Any CPU
		{06CDF21D-DC35-487E-8C87-B185854B70AC}.Debug|iPhoneSimulator.Deploy.0 = Debug|Any CPU
		{06CDF21D-DC35-487E-8C87-B185854B70AC}.Debug|x64.ActiveCfg = Debug|Any CPU
		{06CDF21D-DC35-487E-8C87-B185854B70AC}.Debug|x64.Build.0 = Debug|Any CPU
		{06CDF21D-DC35-487E-8C87-B185854B70AC}.Debug|x64.Deploy.0 = Debug|Any CPU
		{06CDF21D-DC35-487E-8C87-B185854B70AC}.Debug|x86.ActiveCfg = Debug|Any CPU
		{06CDF21D-DC35-487E-8C87-B185854B70AC}.Debug|x86.Build.0 = Debug|Any CPU
		{06CDF21D-DC35-487E-8C87-B185854B70AC}.Debug|x86.Deploy.0 = Debug|Any CPU
		{06CDF21D-DC35-487E-8C87-B185854B70AC}.Release|Any CPU.ActiveCfg = Release|Any CPU
		{06CDF21D-DC35-487E-8C87-B185854B70AC}.Release|Any CPU.Build.0 = Release|Any CPU
		{06CDF21D-DC35-487E-8C87-B185854B70AC}.Release|Any CPU.Deploy.0 = Release|Any CPU
		{06CDF21D-DC35-487E-8C87-B185854B70AC}.Release|ARM.ActiveCfg = Release|Any CPU
		{06CDF21D-DC35-487E-8C87-B185854B70AC}.Release|ARM.Build.0 = Release|Any CPU
		{06CDF21D-DC35-487E-8C87-B185854B70AC}.Release|ARM.Deploy.0 = Release|Any CPU
		{06CDF21D-DC35-487E-8C87-B185854B70AC}.Release|iPhone.ActiveCfg = Release|Any CPU
		{06CDF21D-DC35-487E-8C87-B185854B70AC}.Release|iPhone.Build.0 = Release|Any CPU
		{06CDF21D-DC35-487E-8C87-B185854B70AC}.Release|iPhone.Deploy.0 = Release|Any CPU
		{06CDF21D-DC35-487E-8C87-B185854B70AC}.Release|iPhoneSimulator.ActiveCfg = Release|Any CPU
		{06CDF21D-DC35-487E-8C87-B185854B70AC}.Release|iPhoneSimulator.Build.0 = Release|Any CPU
		{06CDF21D-DC35-487E-8C87-B185854B70AC}.Release|iPhoneSimulator.Deploy.0 = Release|Any CPU
		{06CDF21D-DC35-487E-8C87-B185854B70AC}.Release|x64.ActiveCfg = Release|Any CPU
		{06CDF21D-DC35-487E-8C87-B185854B70AC}.Release|x64.Build.0 = Release|Any CPU
		{06CDF21D-DC35-487E-8C87-B185854B70AC}.Release|x64.Deploy.0 = Release|Any CPU
		{06CDF21D-DC35-487E-8C87-B185854B70AC}.Release|x86.ActiveCfg = Release|Any CPU
		{06CDF21D-DC35-487E-8C87-B185854B70AC}.Release|x86.Build.0 = Release|Any CPU
		{06CDF21D-DC35-487E-8C87-B185854B70AC}.Release|x86.Deploy.0 = Release|Any CPU
		{84E628E6-DD88-430D-AA4E-E3FD32FE6C58}.Ad-Hoc|Any CPU.ActiveCfg = Ad-Hoc|iPhone
		{84E628E6-DD88-430D-AA4E-E3FD32FE6C58}.Ad-Hoc|ARM.ActiveCfg = Ad-Hoc|iPhone
		{84E628E6-DD88-430D-AA4E-E3FD32FE6C58}.Ad-Hoc|iPhone.ActiveCfg = Ad-Hoc|iPhone
		{84E628E6-DD88-430D-AA4E-E3FD32FE6C58}.Ad-Hoc|iPhone.Build.0 = Ad-Hoc|iPhone
		{84E628E6-DD88-430D-AA4E-E3FD32FE6C58}.Ad-Hoc|iPhoneSimulator.ActiveCfg = Ad-Hoc|iPhoneSimulator
		{84E628E6-DD88-430D-AA4E-E3FD32FE6C58}.Ad-Hoc|iPhoneSimulator.Build.0 = Ad-Hoc|iPhoneSimulator
		{84E628E6-DD88-430D-AA4E-E3FD32FE6C58}.Ad-Hoc|x64.ActiveCfg = Ad-Hoc|iPhone
		{84E628E6-DD88-430D-AA4E-E3FD32FE6C58}.Ad-Hoc|x86.ActiveCfg = Ad-Hoc|iPhone
		{84E628E6-DD88-430D-AA4E-E3FD32FE6C58}.AppStore|Any CPU.ActiveCfg = AppStore|iPhone
		{84E628E6-DD88-430D-AA4E-E3FD32FE6C58}.AppStore|ARM.ActiveCfg = AppStore|iPhone
		{84E628E6-DD88-430D-AA4E-E3FD32FE6C58}.AppStore|iPhone.ActiveCfg = AppStore|iPhone
		{84E628E6-DD88-430D-AA4E-E3FD32FE6C58}.AppStore|iPhone.Build.0 = AppStore|iPhone
		{84E628E6-DD88-430D-AA4E-E3FD32FE6C58}.AppStore|iPhoneSimulator.ActiveCfg = AppStore|iPhoneSimulator
		{84E628E6-DD88-430D-AA4E-E3FD32FE6C58}.AppStore|iPhoneSimulator.Build.0 = AppStore|iPhoneSimulator
		{84E628E6-DD88-430D-AA4E-E3FD32FE6C58}.AppStore|x64.ActiveCfg = AppStore|iPhone
		{84E628E6-DD88-430D-AA4E-E3FD32FE6C58}.AppStore|x86.ActiveCfg = AppStore|iPhone
		{84E628E6-DD88-430D-AA4E-E3FD32FE6C58}.Debug|Any CPU.ActiveCfg = Debug|iPhone
		{84E628E6-DD88-430D-AA4E-E3FD32FE6C58}.Debug|ARM.ActiveCfg = Debug|iPhone
		{84E628E6-DD88-430D-AA4E-E3FD32FE6C58}.Debug|iPhone.ActiveCfg = Debug|iPhone
		{84E628E6-DD88-430D-AA4E-E3FD32FE6C58}.Debug|iPhone.Build.0 = Debug|iPhone
		{84E628E6-DD88-430D-AA4E-E3FD32FE6C58}.Debug|iPhoneSimulator.ActiveCfg = Debug|iPhoneSimulator
		{84E628E6-DD88-430D-AA4E-E3FD32FE6C58}.Debug|iPhoneSimulator.Build.0 = Debug|iPhoneSimulator
		{84E628E6-DD88-430D-AA4E-E3FD32FE6C58}.Debug|x64.ActiveCfg = Debug|iPhone
		{84E628E6-DD88-430D-AA4E-E3FD32FE6C58}.Debug|x86.ActiveCfg = Debug|iPhone
		{84E628E6-DD88-430D-AA4E-E3FD32FE6C58}.Release|Any CPU.ActiveCfg = Release|iPhone
		{84E628E6-DD88-430D-AA4E-E3FD32FE6C58}.Release|ARM.ActiveCfg = Release|iPhone
		{84E628E6-DD88-430D-AA4E-E3FD32FE6C58}.Release|iPhone.ActiveCfg = Release|iPhone
		{84E628E6-DD88-430D-AA4E-E3FD32FE6C58}.Release|iPhone.Build.0 = Release|iPhone
		{84E628E6-DD88-430D-AA4E-E3FD32FE6C58}.Release|iPhoneSimulator.ActiveCfg = Release|iPhoneSimulator
		{84E628E6-DD88-430D-AA4E-E3FD32FE6C58}.Release|iPhoneSimulator.Build.0 = Release|iPhoneSimulator
		{84E628E6-DD88-430D-AA4E-E3FD32FE6C58}.Release|x64.ActiveCfg = Release|iPhone
		{84E628E6-DD88-430D-AA4E-E3FD32FE6C58}.Release|x86.ActiveCfg = Release|iPhone
		{74331A5D-29B4-401E-B113-09714A17846E}.Ad-Hoc|Any CPU.ActiveCfg = Release|Any CPU
		{74331A5D-29B4-401E-B113-09714A17846E}.Ad-Hoc|Any CPU.Build.0 = Release|Any CPU
		{74331A5D-29B4-401E-B113-09714A17846E}.Ad-Hoc|Any CPU.Deploy.0 = Release|Any CPU
		{74331A5D-29B4-401E-B113-09714A17846E}.Ad-Hoc|ARM.ActiveCfg = Release|ARM
		{74331A5D-29B4-401E-B113-09714A17846E}.Ad-Hoc|ARM.Build.0 = Release|ARM
		{74331A5D-29B4-401E-B113-09714A17846E}.Ad-Hoc|ARM.Deploy.0 = Release|ARM
		{74331A5D-29B4-401E-B113-09714A17846E}.Ad-Hoc|iPhone.ActiveCfg = Release|Any CPU
		{74331A5D-29B4-401E-B113-09714A17846E}.Ad-Hoc|iPhone.Build.0 = Release|Any CPU
		{74331A5D-29B4-401E-B113-09714A17846E}.Ad-Hoc|iPhone.Deploy.0 = Release|Any CPU
		{74331A5D-29B4-401E-B113-09714A17846E}.Ad-Hoc|iPhoneSimulator.ActiveCfg = Release|Any CPU
		{74331A5D-29B4-401E-B113-09714A17846E}.Ad-Hoc|iPhoneSimulator.Build.0 = Release|Any CPU
		{74331A5D-29B4-401E-B113-09714A17846E}.Ad-Hoc|iPhoneSimulator.Deploy.0 = Release|Any CPU
		{74331A5D-29B4-401E-B113-09714A17846E}.Ad-Hoc|x64.ActiveCfg = Release|Any CPU
		{74331A5D-29B4-401E-B113-09714A17846E}.Ad-Hoc|x64.Build.0 = Release|Any CPU
		{74331A5D-29B4-401E-B113-09714A17846E}.Ad-Hoc|x64.Deploy.0 = Release|Any CPU
		{74331A5D-29B4-401E-B113-09714A17846E}.Ad-Hoc|x86.ActiveCfg = Release|x86
		{74331A5D-29B4-401E-B113-09714A17846E}.Ad-Hoc|x86.Build.0 = Release|x86
		{74331A5D-29B4-401E-B113-09714A17846E}.Ad-Hoc|x86.Deploy.0 = Release|x86
		{74331A5D-29B4-401E-B113-09714A17846E}.AppStore|Any CPU.ActiveCfg = Release|Any CPU
		{74331A5D-29B4-401E-B113-09714A17846E}.AppStore|Any CPU.Build.0 = Release|Any CPU
		{74331A5D-29B4-401E-B113-09714A17846E}.AppStore|Any CPU.Deploy.0 = Release|Any CPU
		{74331A5D-29B4-401E-B113-09714A17846E}.AppStore|ARM.ActiveCfg = Release|ARM
		{74331A5D-29B4-401E-B113-09714A17846E}.AppStore|ARM.Build.0 = Release|ARM
		{74331A5D-29B4-401E-B113-09714A17846E}.AppStore|ARM.Deploy.0 = Release|ARM
		{74331A5D-29B4-401E-B113-09714A17846E}.AppStore|iPhone.ActiveCfg = Release|Any CPU
		{74331A5D-29B4-401E-B113-09714A17846E}.AppStore|iPhone.Build.0 = Release|Any CPU
		{74331A5D-29B4-401E-B113-09714A17846E}.AppStore|iPhone.Deploy.0 = Release|Any CPU
		{74331A5D-29B4-401E-B113-09714A17846E}.AppStore|iPhoneSimulator.ActiveCfg = Release|Any CPU
		{74331A5D-29B4-401E-B113-09714A17846E}.AppStore|iPhoneSimulator.Build.0 = Release|Any CPU
		{74331A5D-29B4-401E-B113-09714A17846E}.AppStore|iPhoneSimulator.Deploy.0 = Release|Any CPU
		{74331A5D-29B4-401E-B113-09714A17846E}.AppStore|x64.ActiveCfg = Release|Any CPU
		{74331A5D-29B4-401E-B113-09714A17846E}.AppStore|x64.Build.0 = Release|Any CPU
		{74331A5D-29B4-401E-B113-09714A17846E}.AppStore|x64.Deploy.0 = Release|Any CPU
		{74331A5D-29B4-401E-B113-09714A17846E}.AppStore|x86.ActiveCfg = Release|x86
		{74331A5D-29B4-401E-B113-09714A17846E}.AppStore|x86.Build.0 = Release|x86
		{74331A5D-29B4-401E-B113-09714A17846E}.AppStore|x86.Deploy.0 = Release|x86
		{74331A5D-29B4-401E-B113-09714A17846E}.Debug|Any CPU.ActiveCfg = Debug|Any CPU
		{74331A5D-29B4-401E-B113-09714A17846E}.Debug|Any CPU.Build.0 = Debug|Any CPU
		{74331A5D-29B4-401E-B113-09714A17846E}.Debug|Any CPU.Deploy.0 = Debug|Any CPU
		{74331A5D-29B4-401E-B113-09714A17846E}.Debug|ARM.ActiveCfg = Debug|ARM
		{74331A5D-29B4-401E-B113-09714A17846E}.Debug|ARM.Build.0 = Debug|ARM
		{74331A5D-29B4-401E-B113-09714A17846E}.Debug|ARM.Deploy.0 = Debug|ARM
		{74331A5D-29B4-401E-B113-09714A17846E}.Debug|iPhone.ActiveCfg = Debug|Any CPU
		{74331A5D-29B4-401E-B113-09714A17846E}.Debug|iPhone.Build.0 = Debug|Any CPU
		{74331A5D-29B4-401E-B113-09714A17846E}.Debug|iPhone.Deploy.0 = Debug|Any CPU
		{74331A5D-29B4-401E-B113-09714A17846E}.Debug|iPhoneSimulator.ActiveCfg = Debug|Any CPU
		{74331A5D-29B4-401E-B113-09714A17846E}.Debug|iPhoneSimulator.Build.0 = Debug|Any CPU
		{74331A5D-29B4-401E-B113-09714A17846E}.Debug|iPhoneSimulator.Deploy.0 = Debug|Any CPU
		{74331A5D-29B4-401E-B113-09714A17846E}.Debug|x64.ActiveCfg = Debug|Any CPU
		{74331A5D-29B4-401E-B113-09714A17846E}.Debug|x64.Build.0 = Debug|Any CPU
		{74331A5D-29B4-401E-B113-09714A17846E}.Debug|x64.Deploy.0 = Debug|Any CPU
		{74331A5D-29B4-401E-B113-09714A17846E}.Debug|x86.ActiveCfg = Debug|x86
		{74331A5D-29B4-401E-B113-09714A17846E}.Debug|x86.Build.0 = Debug|x86
		{74331A5D-29B4-401E-B113-09714A17846E}.Debug|x86.Deploy.0 = Debug|x86
		{74331A5D-29B4-401E-B113-09714A17846E}.Release|Any CPU.ActiveCfg = Release|Any CPU
		{74331A5D-29B4-401E-B113-09714A17846E}.Release|Any CPU.Build.0 = Release|Any CPU
		{74331A5D-29B4-401E-B113-09714A17846E}.Release|Any CPU.Deploy.0 = Release|Any CPU
		{74331A5D-29B4-401E-B113-09714A17846E}.Release|ARM.ActiveCfg = Release|ARM
		{74331A5D-29B4-401E-B113-09714A17846E}.Release|ARM.Build.0 = Release|ARM
		{74331A5D-29B4-401E-B113-09714A17846E}.Release|ARM.Deploy.0 = Release|ARM
		{74331A5D-29B4-401E-B113-09714A17846E}.Release|iPhone.ActiveCfg = Release|Any CPU
		{74331A5D-29B4-401E-B113-09714A17846E}.Release|iPhone.Build.0 = Release|Any CPU
		{74331A5D-29B4-401E-B113-09714A17846E}.Release|iPhone.Deploy.0 = Release|Any CPU
		{74331A5D-29B4-401E-B113-09714A17846E}.Release|iPhoneSimulator.ActiveCfg = Release|Any CPU
		{74331A5D-29B4-401E-B113-09714A17846E}.Release|iPhoneSimulator.Build.0 = Release|Any CPU
		{74331A5D-29B4-401E-B113-09714A17846E}.Release|iPhoneSimulator.Deploy.0 = Release|Any CPU
		{74331A5D-29B4-401E-B113-09714A17846E}.Release|x64.ActiveCfg = Release|Any CPU
		{74331A5D-29B4-401E-B113-09714A17846E}.Release|x64.Build.0 = Release|Any CPU
		{74331A5D-29B4-401E-B113-09714A17846E}.Release|x64.Deploy.0 = Release|Any CPU
		{74331A5D-29B4-401E-B113-09714A17846E}.Release|x86.ActiveCfg = Release|x86
		{74331A5D-29B4-401E-B113-09714A17846E}.Release|x86.Build.0 = Release|x86
		{74331A5D-29B4-401E-B113-09714A17846E}.Release|x86.Deploy.0 = Release|x86
		{3F1FF0C7-D17F-4576-A6BB-9774F2F6C598}.Ad-Hoc|Any CPU.ActiveCfg = Release|x86
		{3F1FF0C7-D17F-4576-A6BB-9774F2F6C598}.Ad-Hoc|Any CPU.Build.0 = Release|x86
		{3F1FF0C7-D17F-4576-A6BB-9774F2F6C598}.Ad-Hoc|Any CPU.Deploy.0 = Release|x86
		{3F1FF0C7-D17F-4576-A6BB-9774F2F6C598}.Ad-Hoc|ARM.ActiveCfg = Release|ARM
		{3F1FF0C7-D17F-4576-A6BB-9774F2F6C598}.Ad-Hoc|ARM.Build.0 = Release|ARM
		{3F1FF0C7-D17F-4576-A6BB-9774F2F6C598}.Ad-Hoc|ARM.Deploy.0 = Release|ARM
		{3F1FF0C7-D17F-4576-A6BB-9774F2F6C598}.Ad-Hoc|iPhone.ActiveCfg = Release|x86
		{3F1FF0C7-D17F-4576-A6BB-9774F2F6C598}.Ad-Hoc|iPhone.Build.0 = Release|x86
		{3F1FF0C7-D17F-4576-A6BB-9774F2F6C598}.Ad-Hoc|iPhone.Deploy.0 = Release|x86
		{3F1FF0C7-D17F-4576-A6BB-9774F2F6C598}.Ad-Hoc|iPhoneSimulator.ActiveCfg = Release|x86
		{3F1FF0C7-D17F-4576-A6BB-9774F2F6C598}.Ad-Hoc|iPhoneSimulator.Build.0 = Release|x86
		{3F1FF0C7-D17F-4576-A6BB-9774F2F6C598}.Ad-Hoc|iPhoneSimulator.Deploy.0 = Release|x86
		{3F1FF0C7-D17F-4576-A6BB-9774F2F6C598}.Ad-Hoc|x64.ActiveCfg = Release|x64
		{3F1FF0C7-D17F-4576-A6BB-9774F2F6C598}.Ad-Hoc|x64.Build.0 = Release|x64
		{3F1FF0C7-D17F-4576-A6BB-9774F2F6C598}.Ad-Hoc|x64.Deploy.0 = Release|x64
		{3F1FF0C7-D17F-4576-A6BB-9774F2F6C598}.Ad-Hoc|x86.ActiveCfg = Release|x86
		{3F1FF0C7-D17F-4576-A6BB-9774F2F6C598}.Ad-Hoc|x86.Build.0 = Release|x86
		{3F1FF0C7-D17F-4576-A6BB-9774F2F6C598}.Ad-Hoc|x86.Deploy.0 = Release|x86
		{3F1FF0C7-D17F-4576-A6BB-9774F2F6C598}.AppStore|Any CPU.ActiveCfg = Release|x86
		{3F1FF0C7-D17F-4576-A6BB-9774F2F6C598}.AppStore|Any CPU.Build.0 = Release|x86
		{3F1FF0C7-D17F-4576-A6BB-9774F2F6C598}.AppStore|Any CPU.Deploy.0 = Release|x86
		{3F1FF0C7-D17F-4576-A6BB-9774F2F6C598}.AppStore|ARM.ActiveCfg = Release|ARM
		{3F1FF0C7-D17F-4576-A6BB-9774F2F6C598}.AppStore|ARM.Build.0 = Release|ARM
		{3F1FF0C7-D17F-4576-A6BB-9774F2F6C598}.AppStore|ARM.Deploy.0 = Release|ARM
		{3F1FF0C7-D17F-4576-A6BB-9774F2F6C598}.AppStore|iPhone.ActiveCfg = Release|x86
		{3F1FF0C7-D17F-4576-A6BB-9774F2F6C598}.AppStore|iPhone.Build.0 = Release|x86
		{3F1FF0C7-D17F-4576-A6BB-9774F2F6C598}.AppStore|iPhone.Deploy.0 = Release|x86
		{3F1FF0C7-D17F-4576-A6BB-9774F2F6C598}.AppStore|iPhoneSimulator.ActiveCfg = Release|x86
		{3F1FF0C7-D17F-4576-A6BB-9774F2F6C598}.AppStore|iPhoneSimulator.Build.0 = Release|x86
		{3F1FF0C7-D17F-4576-A6BB-9774F2F6C598}.AppStore|iPhoneSimulator.Deploy.0 = Release|x86
		{3F1FF0C7-D17F-4576-A6BB-9774F2F6C598}.AppStore|x64.ActiveCfg = Release|x64
		{3F1FF0C7-D17F-4576-A6BB-9774F2F6C598}.AppStore|x64.Build.0 = Release|x64
		{3F1FF0C7-D17F-4576-A6BB-9774F2F6C598}.AppStore|x64.Deploy.0 = Release|x64
		{3F1FF0C7-D17F-4576-A6BB-9774F2F6C598}.AppStore|x86.ActiveCfg = Release|x86
		{3F1FF0C7-D17F-4576-A6BB-9774F2F6C598}.AppStore|x86.Build.0 = Release|x86
		{3F1FF0C7-D17F-4576-A6BB-9774F2F6C598}.AppStore|x86.Deploy.0 = Release|x86
		{3F1FF0C7-D17F-4576-A6BB-9774F2F6C598}.Debug|Any CPU.ActiveCfg = Debug|x86
		{3F1FF0C7-D17F-4576-A6BB-9774F2F6C598}.Debug|Any CPU.Build.0 = Debug|x86
		{3F1FF0C7-D17F-4576-A6BB-9774F2F6C598}.Debug|Any CPU.Deploy.0 = Debug|x86
		{3F1FF0C7-D17F-4576-A6BB-9774F2F6C598}.Debug|ARM.ActiveCfg = Debug|ARM
		{3F1FF0C7-D17F-4576-A6BB-9774F2F6C598}.Debug|ARM.Build.0 = Debug|ARM
		{3F1FF0C7-D17F-4576-A6BB-9774F2F6C598}.Debug|ARM.Deploy.0 = Debug|ARM
		{3F1FF0C7-D17F-4576-A6BB-9774F2F6C598}.Debug|iPhone.ActiveCfg = Debug|x86
		{3F1FF0C7-D17F-4576-A6BB-9774F2F6C598}.Debug|iPhoneSimulator.ActiveCfg = Debug|x86
		{3F1FF0C7-D17F-4576-A6BB-9774F2F6C598}.Debug|x64.ActiveCfg = Debug|x64
		{3F1FF0C7-D17F-4576-A6BB-9774F2F6C598}.Debug|x64.Build.0 = Debug|x64
		{3F1FF0C7-D17F-4576-A6BB-9774F2F6C598}.Debug|x64.Deploy.0 = Debug|x64
		{3F1FF0C7-D17F-4576-A6BB-9774F2F6C598}.Debug|x86.ActiveCfg = Debug|x86
		{3F1FF0C7-D17F-4576-A6BB-9774F2F6C598}.Debug|x86.Build.0 = Debug|x86
		{3F1FF0C7-D17F-4576-A6BB-9774F2F6C598}.Debug|x86.Deploy.0 = Debug|x86
		{3F1FF0C7-D17F-4576-A6BB-9774F2F6C598}.Release|Any CPU.ActiveCfg = Release|x86
		{3F1FF0C7-D17F-4576-A6BB-9774F2F6C598}.Release|ARM.ActiveCfg = Release|ARM
		{3F1FF0C7-D17F-4576-A6BB-9774F2F6C598}.Release|ARM.Build.0 = Release|ARM
		{3F1FF0C7-D17F-4576-A6BB-9774F2F6C598}.Release|ARM.Deploy.0 = Release|ARM
		{3F1FF0C7-D17F-4576-A6BB-9774F2F6C598}.Release|iPhone.ActiveCfg = Release|x86
		{3F1FF0C7-D17F-4576-A6BB-9774F2F6C598}.Release|iPhoneSimulator.ActiveCfg = Release|x86
		{3F1FF0C7-D17F-4576-A6BB-9774F2F6C598}.Release|x64.ActiveCfg = Release|x64
		{3F1FF0C7-D17F-4576-A6BB-9774F2F6C598}.Release|x64.Build.0 = Release|x64
		{3F1FF0C7-D17F-4576-A6BB-9774F2F6C598}.Release|x64.Deploy.0 = Release|x64
		{3F1FF0C7-D17F-4576-A6BB-9774F2F6C598}.Release|x86.ActiveCfg = Release|x86
		{3F1FF0C7-D17F-4576-A6BB-9774F2F6C598}.Release|x86.Build.0 = Release|x86
		{3F1FF0C7-D17F-4576-A6BB-9774F2F6C598}.Release|x86.Deploy.0 = Release|x86
		{64A65256-0394-4AA7-B6D9-EAC75389369F}.Ad-Hoc|Any CPU.ActiveCfg = Release|Any CPU
		{64A65256-0394-4AA7-B6D9-EAC75389369F}.Ad-Hoc|Any CPU.Build.0 = Release|Any CPU
		{64A65256-0394-4AA7-B6D9-EAC75389369F}.Ad-Hoc|Any CPU.Deploy.0 = Release|Any CPU
		{64A65256-0394-4AA7-B6D9-EAC75389369F}.Ad-Hoc|ARM.ActiveCfg = Release|ARM
		{64A65256-0394-4AA7-B6D9-EAC75389369F}.Ad-Hoc|ARM.Build.0 = Release|ARM
		{64A65256-0394-4AA7-B6D9-EAC75389369F}.Ad-Hoc|ARM.Deploy.0 = Release|ARM
		{64A65256-0394-4AA7-B6D9-EAC75389369F}.Ad-Hoc|iPhone.ActiveCfg = Release|Any CPU
		{64A65256-0394-4AA7-B6D9-EAC75389369F}.Ad-Hoc|iPhone.Build.0 = Release|Any CPU
		{64A65256-0394-4AA7-B6D9-EAC75389369F}.Ad-Hoc|iPhone.Deploy.0 = Release|Any CPU
		{64A65256-0394-4AA7-B6D9-EAC75389369F}.Ad-Hoc|iPhoneSimulator.ActiveCfg = Release|Any CPU
		{64A65256-0394-4AA7-B6D9-EAC75389369F}.Ad-Hoc|iPhoneSimulator.Build.0 = Release|Any CPU
		{64A65256-0394-4AA7-B6D9-EAC75389369F}.Ad-Hoc|iPhoneSimulator.Deploy.0 = Release|Any CPU
		{64A65256-0394-4AA7-B6D9-EAC75389369F}.Ad-Hoc|x64.ActiveCfg = Release|x64
		{64A65256-0394-4AA7-B6D9-EAC75389369F}.Ad-Hoc|x64.Build.0 = Release|x64
		{64A65256-0394-4AA7-B6D9-EAC75389369F}.Ad-Hoc|x64.Deploy.0 = Release|x64
		{64A65256-0394-4AA7-B6D9-EAC75389369F}.Ad-Hoc|x86.ActiveCfg = Release|x86
		{64A65256-0394-4AA7-B6D9-EAC75389369F}.Ad-Hoc|x86.Build.0 = Release|x86
		{64A65256-0394-4AA7-B6D9-EAC75389369F}.Ad-Hoc|x86.Deploy.0 = Release|x86
		{64A65256-0394-4AA7-B6D9-EAC75389369F}.AppStore|Any CPU.ActiveCfg = Release|Any CPU
		{64A65256-0394-4AA7-B6D9-EAC75389369F}.AppStore|Any CPU.Build.0 = Release|Any CPU
		{64A65256-0394-4AA7-B6D9-EAC75389369F}.AppStore|Any CPU.Deploy.0 = Release|Any CPU
		{64A65256-0394-4AA7-B6D9-EAC75389369F}.AppStore|ARM.ActiveCfg = Release|ARM
		{64A65256-0394-4AA7-B6D9-EAC75389369F}.AppStore|ARM.Build.0 = Release|ARM
		{64A65256-0394-4AA7-B6D9-EAC75389369F}.AppStore|ARM.Deploy.0 = Release|ARM
		{64A65256-0394-4AA7-B6D9-EAC75389369F}.AppStore|iPhone.ActiveCfg = Release|Any CPU
		{64A65256-0394-4AA7-B6D9-EAC75389369F}.AppStore|iPhone.Build.0 = Release|Any CPU
		{64A65256-0394-4AA7-B6D9-EAC75389369F}.AppStore|iPhone.Deploy.0 = Release|Any CPU
		{64A65256-0394-4AA7-B6D9-EAC75389369F}.AppStore|iPhoneSimulator.ActiveCfg = Release|Any CPU
		{64A65256-0394-4AA7-B6D9-EAC75389369F}.AppStore|iPhoneSimulator.Build.0 = Release|Any CPU
		{64A65256-0394-4AA7-B6D9-EAC75389369F}.AppStore|iPhoneSimulator.Deploy.0 = Release|Any CPU
		{64A65256-0394-4AA7-B6D9-EAC75389369F}.AppStore|x64.ActiveCfg = Release|x64
		{64A65256-0394-4AA7-B6D9-EAC75389369F}.AppStore|x64.Build.0 = Release|x64
		{64A65256-0394-4AA7-B6D9-EAC75389369F}.AppStore|x64.Deploy.0 = Release|x64
		{64A65256-0394-4AA7-B6D9-EAC75389369F}.AppStore|x86.ActiveCfg = Release|x86
		{64A65256-0394-4AA7-B6D9-EAC75389369F}.AppStore|x86.Build.0 = Release|x86
		{64A65256-0394-4AA7-B6D9-EAC75389369F}.AppStore|x86.Deploy.0 = Release|x86
		{64A65256-0394-4AA7-B6D9-EAC75389369F}.Debug|Any CPU.ActiveCfg = Debug|Any CPU
		{64A65256-0394-4AA7-B6D9-EAC75389369F}.Debug|Any CPU.Build.0 = Debug|Any CPU
		{64A65256-0394-4AA7-B6D9-EAC75389369F}.Debug|Any CPU.Deploy.0 = Debug|Any CPU
		{64A65256-0394-4AA7-B6D9-EAC75389369F}.Debug|ARM.ActiveCfg = Debug|ARM
		{64A65256-0394-4AA7-B6D9-EAC75389369F}.Debug|ARM.Build.0 = Debug|ARM
		{64A65256-0394-4AA7-B6D9-EAC75389369F}.Debug|ARM.Deploy.0 = Debug|ARM
		{64A65256-0394-4AA7-B6D9-EAC75389369F}.Debug|iPhone.ActiveCfg = Debug|Any CPU
		{64A65256-0394-4AA7-B6D9-EAC75389369F}.Debug|iPhone.Build.0 = Debug|Any CPU
		{64A65256-0394-4AA7-B6D9-EAC75389369F}.Debug|iPhone.Deploy.0 = Debug|Any CPU
		{64A65256-0394-4AA7-B6D9-EAC75389369F}.Debug|iPhoneSimulator.ActiveCfg = Debug|Any CPU
		{64A65256-0394-4AA7-B6D9-EAC75389369F}.Debug|iPhoneSimulator.Build.0 = Debug|Any CPU
		{64A65256-0394-4AA7-B6D9-EAC75389369F}.Debug|iPhoneSimulator.Deploy.0 = Debug|Any CPU
		{64A65256-0394-4AA7-B6D9-EAC75389369F}.Debug|x64.ActiveCfg = Debug|x64
		{64A65256-0394-4AA7-B6D9-EAC75389369F}.Debug|x64.Build.0 = Debug|x64
		{64A65256-0394-4AA7-B6D9-EAC75389369F}.Debug|x64.Deploy.0 = Debug|x64
		{64A65256-0394-4AA7-B6D9-EAC75389369F}.Debug|x86.ActiveCfg = Debug|x86
		{64A65256-0394-4AA7-B6D9-EAC75389369F}.Debug|x86.Build.0 = Debug|x86
		{64A65256-0394-4AA7-B6D9-EAC75389369F}.Debug|x86.Deploy.0 = Debug|x86
		{64A65256-0394-4AA7-B6D9-EAC75389369F}.Release|Any CPU.ActiveCfg = Release|Any CPU
		{64A65256-0394-4AA7-B6D9-EAC75389369F}.Release|Any CPU.Build.0 = Release|Any CPU
		{64A65256-0394-4AA7-B6D9-EAC75389369F}.Release|Any CPU.Deploy.0 = Release|Any CPU
		{64A65256-0394-4AA7-B6D9-EAC75389369F}.Release|ARM.ActiveCfg = Release|ARM
		{64A65256-0394-4AA7-B6D9-EAC75389369F}.Release|ARM.Build.0 = Release|ARM
		{64A65256-0394-4AA7-B6D9-EAC75389369F}.Release|ARM.Deploy.0 = Release|ARM
		{64A65256-0394-4AA7-B6D9-EAC75389369F}.Release|iPhone.ActiveCfg = Release|Any CPU
		{64A65256-0394-4AA7-B6D9-EAC75389369F}.Release|iPhone.Build.0 = Release|Any CPU
		{64A65256-0394-4AA7-B6D9-EAC75389369F}.Release|iPhone.Deploy.0 = Release|Any CPU
		{64A65256-0394-4AA7-B6D9-EAC75389369F}.Release|iPhoneSimulator.ActiveCfg = Release|Any CPU
		{64A65256-0394-4AA7-B6D9-EAC75389369F}.Release|iPhoneSimulator.Build.0 = Release|Any CPU
		{64A65256-0394-4AA7-B6D9-EAC75389369F}.Release|iPhoneSimulator.Deploy.0 = Release|Any CPU
		{64A65256-0394-4AA7-B6D9-EAC75389369F}.Release|x64.ActiveCfg = Release|x64
		{64A65256-0394-4AA7-B6D9-EAC75389369F}.Release|x64.Build.0 = Release|x64
		{64A65256-0394-4AA7-B6D9-EAC75389369F}.Release|x64.Deploy.0 = Release|x64
		{64A65256-0394-4AA7-B6D9-EAC75389369F}.Release|x86.ActiveCfg = Release|x86
		{64A65256-0394-4AA7-B6D9-EAC75389369F}.Release|x86.Build.0 = Release|x86
		{64A65256-0394-4AA7-B6D9-EAC75389369F}.Release|x86.Deploy.0 = Release|x86
	EndGlobalSection
	GlobalSection(SolutionProperties) = preSolution
		HideSolutionNode = FALSE
	EndGlobalSection
	GlobalSection(NestedProjects) = preSolution
		{84E628E6-DD88-430D-AA4E-E3FD32FE6C58} = {15DD443C-5B97-44B7-B192-B0E4CB1BBEF8}
		{74331A5D-29B4-401E-B113-09714A17846E} = {15DD443C-5B97-44B7-B192-B0E4CB1BBEF8}
		{64A65256-0394-4AA7-B6D9-EAC75389369F} = {15DD443C-5B97-44B7-B192-B0E4CB1BBEF8}
	EndGlobalSection
EndGlobal
